
Microsoft Visual Studio Solution File, Format Version 12.00
# Visual Studio Version 17
VisualStudioVersion = 17.12.35527.113 d17.12
MinimumVisualStudioVersion = 10.0.40219.1
Project("{FAE04EC0-301F-11D3-BF4B-00C04F79EFBC}") = "Dgland.IdentityServer", "Dgland.IdentityServer\Dgland.IdentityServer.csproj", "{CE8AB615-5717-4B5A-A3E8-78807B9658C8}"
EndProject
Project("{54A90642-561A-4BB1-A94E-469ADEE60C69}") = "Dgland.Frontend", "Dgland.Frontend\Dgand.Frontend\Dgland.Frontend.esproj", "{60B7090B-6BBB-4A4B-B061-12D4894DBFEA}"
EndProject
Project("{E53339B2-1760-4266-BCC7-CA923CBCF16C}") = "docker-compose", "docker-compose.dcproj", "{815ABBA8-D275-447F-92AC-19FB3F37A3D3}"
EndProject
Project("{FAE04EC0-301F-11D3-BF4B-00C04F79EFBC}") = "Dgland.WebApi", "Dgland.WebApi\Dgland.WebApi.csproj", "{8AD9FE80-8748-48AC-BF4C-0AAEBB40B48F}"
EndProject
Project("{2150E333-8FDC-42A3-9474-1A3956D46DE8}") = "src", "src", "{DC663FCF-C6E3-409C-A086-21BC1FCFB489}"
EndProject
Project("{2150E333-8FDC-42A3-9474-1A3956D46DE8}") = "Core", "Core", "{C490465E-5E07-4E79-BC06-E2788D65D4DB}"
EndProject
Project("{2150E333-8FDC-42A3-9474-1A3956D46DE8}") = "Infrastructure", "Infrastructure", "{E253F2F6-8A5C-4A69-AB73-DC01EAD98C24}"
EndProject
Project("{2150E333-8FDC-42A3-9474-1A3956D46DE8}") = "Presentation", "Presentation", "{3D58AA1C-F375-41C3-952A-22765ED5C6C3}"
EndProject
Project("{2150E333-8FDC-42A3-9474-1A3956D46DE8}") = "Sql", "Sql", "{738B9AC0-361B-4915-A9BE-3F32A31405B4}"
EndProject
Project("{FAE04EC0-301F-11D3-BF4B-00C04F79EFBC}") = "Dgland.Application", "Dgland.Application\Dgland.Application.csproj", "{235494CD-D671-4413-9B74-1AEBE12C2D06}"
EndProject
Project("{FAE04EC0-301F-11D3-BF4B-00C04F79EFBC}") = "Dgland.Core", "Dgland.Core\Dgland.Core.csproj", "{54E53776-0987-4C78-A885-B6036CEC65C2}"
EndProject
Project("{FAE04EC0-301F-11D3-BF4B-00C04F79EFBC}") = "Dgland.Persistence", "Dgland.Persistence\Dgland.Persistence.csproj", "{B2456CE2-B1AB-409F-8E36-0E5C1E89DDC6}"
EndProject
Global
	GlobalSection(SolutionConfigurationPlatforms) = preSolution
		Debug|Any CPU = Debug|Any CPU
		Release|Any CPU = Release|Any CPU
	EndGlobalSection
	GlobalSection(ProjectConfigurationPlatforms) = postSolution
		{CE8AB615-5717-4B5A-A3E8-78807B9658C8}.Debug|Any CPU.ActiveCfg = Debug|Any CPU
		{CE8AB615-5717-4B5A-A3E8-78807B9658C8}.Debug|Any CPU.Build.0 = Debug|Any CPU
		{CE8AB615-5717-4B5A-A3E8-78807B9658C8}.Release|Any CPU.ActiveCfg = Release|Any CPU
		{CE8AB615-5717-4B5A-A3E8-78807B9658C8}.Release|Any CPU.Build.0 = Release|Any CPU
		{60B7090B-6BBB-4A4B-B061-12D4894DBFEA}.Debug|Any CPU.ActiveCfg = Debug|Any CPU
		{60B7090B-6BBB-4A4B-B061-12D4894DBFEA}.Debug|Any CPU.Build.0 = Debug|Any CPU
		{60B7090B-6BBB-4A4B-B061-12D4894DBFEA}.Debug|Any CPU.Deploy.0 = Debug|Any CPU
		{60B7090B-6BBB-4A4B-B061-12D4894DBFEA}.Release|Any CPU.ActiveCfg = Release|Any CPU
		{60B7090B-6BBB-4A4B-B061-12D4894DBFEA}.Release|Any CPU.Build.0 = Release|Any CPU
		{60B7090B-6BBB-4A4B-B061-12D4894DBFEA}.Release|Any CPU.Deploy.0 = Release|Any CPU
		{815ABBA8-D275-447F-92AC-19FB3F37A3D3}.Debug|Any CPU.ActiveCfg = Debug|Any CPU
		{815ABBA8-D275-447F-92AC-19FB3F37A3D3}.Debug|Any CPU.Build.0 = Debug|Any CPU
		{815ABBA8-D275-447F-92AC-19FB3F37A3D3}.Release|Any CPU.ActiveCfg = Release|Any CPU
		{815ABBA8-D275-447F-92AC-19FB3F37A3D3}.Release|Any CPU.Build.0 = Release|Any CPU
		{8AD9FE80-8748-48AC-BF4C-0AAEBB40B48F}.Debug|Any CPU.ActiveCfg = Debug|Any CPU
		{8AD9FE80-8748-48AC-BF4C-0AAEBB40B48F}.Debug|Any CPU.Build.0 = Debug|Any CPU
		{8AD9FE80-8748-48AC-BF4C-0AAEBB40B48F}.Release|Any CPU.ActiveCfg = Release|Any CPU
		{8AD9FE80-8748-48AC-BF4C-0AAEBB40B48F}.Release|Any CPU.Build.0 = Release|Any CPU
		{235494CD-D671-4413-9B74-1AEBE12C2D06}.Debug|Any CPU.ActiveCfg = Debug|Any CPU
		{235494CD-D671-4413-9B74-1AEBE12C2D06}.Debug|Any CPU.Build.0 = Debug|Any CPU
		{235494CD-D671-4413-9B74-1AEBE12C2D06}.Release|Any CPU.ActiveCfg = Release|Any CPU
		{235494CD-D671-4413-9B74-1AEBE12C2D06}.Release|Any CPU.Build.0 = Release|Any CPU
		{54E53776-0987-4C78-A885-B6036CEC65C2}.Debug|Any CPU.ActiveCfg = Debug|Any CPU
		{54E53776-0987-4C78-A885-B6036CEC65C2}.Debug|Any CPU.Build.0 = Debug|Any CPU
		{54E53776-0987-4C78-A885-B6036CEC65C2}.Release|Any CPU.ActiveCfg = Release|Any CPU
		{54E53776-0987-4C78-A885-B6036CEC65C2}.Release|Any CPU.Build.0 = Release|Any CPU
		{B2456CE2-B1AB-409F-8E36-0E5C1E89DDC6}.Debug|Any CPU.ActiveCfg = Debug|Any CPU
		{B2456CE2-B1AB-409F-8E36-0E5C1E89DDC6}.Debug|Any CPU.Build.0 = Debug|Any CPU
		{B2456CE2-B1AB-409F-8E36-0E5C1E89DDC6}.Release|Any CPU.ActiveCfg = Release|Any CPU
		{B2456CE2-B1AB-409F-8E36-0E5C1E89DDC6}.Release|Any CPU.Build.0 = Release|Any CPU
	EndGlobalSection
	GlobalSection(SolutionProperties) = preSolution
		HideSolutionNode = FALSE
	EndGlobalSection
	GlobalSection(NestedProjects) = preSolution
		{CE8AB615-5717-4B5A-A3E8-78807B9658C8} = {E253F2F6-8A5C-4A69-AB73-DC01EAD98C24}
		{60B7090B-6BBB-4A4B-B061-12D4894DBFEA} = {3D58AA1C-F375-41C3-952A-22765ED5C6C3}
		{8AD9FE80-8748-48AC-BF4C-0AAEBB40B48F} = {3D58AA1C-F375-41C3-952A-22765ED5C6C3}
		{C490465E-5E07-4E79-BC06-E2788D65D4DB} = {DC663FCF-C6E3-409C-A086-21BC1FCFB489}
		{E253F2F6-8A5C-4A69-AB73-DC01EAD98C24} = {DC663FCF-C6E3-409C-A086-21BC1FCFB489}
		{3D58AA1C-F375-41C3-952A-22765ED5C6C3} = {DC663FCF-C6E3-409C-A086-21BC1FCFB489}
		{738B9AC0-361B-4915-A9BE-3F32A31405B4} = {DC663FCF-C6E3-409C-A086-21BC1FCFB489}
		{235494CD-D671-4413-9B74-1AEBE12C2D06} = {C490465E-5E07-4E79-BC06-E2788D65D4DB}
		{54E53776-0987-4C78-A885-B6036CEC65C2} = {C490465E-5E07-4E79-BC06-E2788D65D4DB}
		{B2456CE2-B1AB-409F-8E36-0E5C1E89DDC6} = {E253F2F6-8A5C-4A69-AB73-DC01EAD98C24}
	EndGlobalSection
EndGlobal
